// !$*UTF8*$!
{
	archiveVersion = 1;
	classes = {
	};
	objectVersion = 46;
	objects = {

/* Begin PBXBuildFile section */
		F78A2B9B1CD82EA4007F0573 /* AppDelegate.swift in Sources */ = {isa = PBXBuildFile; fileRef = F78A2B9A1CD82EA4007F0573 /* AppDelegate.swift */; };
		F78A2B9D1CD82EA4007F0573 /* ViewController.swift in Sources */ = {isa = PBXBuildFile; fileRef = F78A2B9C1CD82EA4007F0573 /* ViewController.swift */; };
		F78A2BA01CD82EA4007F0573 /* Main.storyboard in Resources */ = {isa = PBXBuildFile; fileRef = F78A2B9E1CD82EA4007F0573 /* Main.storyboard */; };
		F78A2BA21CD82EA4007F0573 /* Assets.xcassets in Resources */ = {isa = PBXBuildFile; fileRef = F78A2BA11CD82EA4007F0573 /* Assets.xcassets */; };
		F78A2BA51CD82EA4007F0573 /* LaunchScreen.storyboard in Resources */ = {isa = PBXBuildFile; fileRef = F78A2BA31CD82EA4007F0573 /* LaunchScreen.storyboard */; };
		F78A2BB01CD82EA4007F0573 /* TippyTests.swift in Sources */ = {isa = PBXBuildFile; fileRef = F78A2BAF1CD82EA4007F0573 /* TippyTests.swift */; };
		F78A2BBB1CD82EA4007F0573 /* TippyUITests.swift in Sources */ = {isa = PBXBuildFile; fileRef = F78A2BBA1CD82EA4007F0573 /* TippyUITests.swift */; };
/* End PBXBuildFile section */

/* Begin PBXContainerItemProxy section */
		F78A2BAC1CD82EA4007F0573 /* PBXContainerItemProxy */ = {
			isa = PBXContainerItemProxy;
			containerPortal = F78A2B8F1CD82EA4007F0573 /* Project object */;
			proxyType = 1;
			remoteGlobalIDString = F78A2B961CD82EA4007F0573;
			remoteInfo = Tippy;
		};
		F78A2BB71CD82EA4007F0573 /* PBXContainerItemProxy */ = {
			isa = PBXContainerItemProxy;
			containerPortal = F78A2B8F1CD82EA4007F0573 /* Project object */;
			proxyType = 1;
			remoteGlobalIDString = F78A2B961CD82EA4007F0573;
			remoteInfo = Tippy;
		};
/* End PBXContainerItemProxy section */

/* Begin PBXFileReference section */
		F78A2B971CD82EA4007F0573 /* Tippy.app */ = {isa = PBXFileReference; explicitFileType = wrapper.application; includeInIndex = 0; path = Tippy.app; sourceTree = BUILT_PRODUCTS_DIR; };
		F78A2B9A1CD82EA4007F0573 /* AppDelegate.swift */ = {isa = PBXFileReference; lastKnownFileType = sourcecode.swift; path = AppDelegate.swift; sourceTree = "<group>"; };
		F78A2B9C1CD82EA4007F0573 /* ViewController.swift */ = {isa = PBXFileReference; lastKnownFileType = sourcecode.swift; path = ViewController.swift; sourceTree = "<group>"; };
		F78A2B9F1CD82EA4007F0573 /* Base */ = {isa = PBXFileReference; lastKnownFileType = file.storyboard; name = Base; path = Base.lproj/Main.storyboard; sourceTree = "<group>"; };
		F78A2BA11CD82EA4007F0573 /* Assets.xcassets */ = {isa = PBXFileReference; lastKnownFileType = folder.assetcatalog; path = Assets.xcassets; sourceTree = "<group>"; };
		F78A2BA41CD82EA4007F0573 /* Base */ = {isa = PBXFileReference; lastKnownFileType = file.storyboard; name = Base; path = Base.lproj/LaunchScreen.storyboard; sourceTree = "<group>"; };
		F78A2BA61CD82EA4007F0573 /* Info.plist */ = {isa = PBXFileReference; lastKnownFileType = text.plist.xml; path = Info.plist; sourceTree = "<group>"; };
		F78A2BAB1CD82EA4007F0573 /* TippyTests.xctest */ = {isa = PBXFileReference; explicitFileType = wrapper.cfbundle; includeInIndex = 0; path = TippyTests.xctest; sourceTree = BUILT_PRODUCTS_DIR; };
		F78A2BAF1CD82EA4007F0573 /* TippyTests.swift */ = {isa = PBXFileReference; lastKnownFileType = sourcecode.swift; path = TippyTests.swift; sourceTree = "<group>"; };
		F78A2BB11CD82EA4007F0573 /* Info.plist */ = {isa = PBXFileReference; lastKnownFileType = text.plist.xml; path = Info.plist; sourceTree = "<group>"; };
		F78A2BB61CD82EA4007F0573 /* TippyUITests.xctest */ = {isa = PBXFileReference; explicitFileType = wrapper.cfbundle; includeInIndex = 0; path = TippyUITests.xctest; sourceTree = BUILT_PRODUCTS_DIR; };
		F78A2BBA1CD82EA4007F0573 /* TippyUITests.swift */ = {isa = PBXFileReference; lastKnownFileType = sourcecode.swift; path = TippyUITests.swift; sourceTree = "<group>"; };
		F78A2BBC1CD82EA4007F0573 /* Info.plist */ = {isa = PBXFileReference; lastKnownFileType = text.plist.xml; path = Info.plist; sourceTree = "<group>"; };
/* End PBXFileReference section */

/* Begin PBXFrameworksBuildPhase section */
		F78A2B941CD82EA4007F0573 /* Frameworks */ = {
			isa = PBXFrameworksBuildPhase;
			buildActionMask = 2147483647;
			files = (
			);
			runOnlyForDeploymentPostprocessing = 0;
		};
		F78A2BA81CD82EA4007F0573 /* Frameworks */ = {
			isa = PBXFrameworksBuildPhase;
			buildActionMask = 2147483647;
			files = (
			);
			runOnlyForDeploymentPostprocessing = 0;
		};
		F78A2BB31CD82EA4007F0573 /* Frameworks */ = {
			isa = PBXFrameworksBuildPhase;
			buildActionMask = 2147483647;
			files = (
			);
			runOnlyForDeploymentPostprocessing = 0;
		};
/* End PBXFrameworksBuildPhase section */

/* Begin PBXGroup section */
		F78A2B8E1CD82EA4007F0573 = {
			isa = PBXGroup;
			children = (
				F78A2B991CD82EA4007F0573 /* Tippy */,
				F78A2BAE1CD82EA4007F0573 /* TippyTests */,
				F78A2BB91CD82EA4007F0573 /* TippyUITests */,
				F78A2B981CD82EA4007F0573 /* Products */,
			);
			sourceTree = "<group>";
		};
		F78A2B981CD82EA4007F0573 /* Products */ = {
			isa = PBXGroup;
			children = (
				F78A2B971CD82EA4007F0573 /* Tippy.app */,
				F78A2BAB1CD82EA4007F0573 /* TippyTests.xctest */,
				F78A2BB61CD82EA4007F0573 /* TippyUITests.xctest */,
			);
			name = Products;
			sourceTree = "<group>";
		};
		F78A2B991CD82EA4007F0573 /* Tippy */ = {
			isa = PBXGroup;
			children = (
				F78A2B9A1CD82EA4007F0573 /* AppDelegate.swift */,
				F78A2B9C1CD82EA4007F0573 /* ViewController.swift */,
				F78A2B9E1CD82EA4007F0573 /* Main.storyboard */,
				F78A2BA11CD82EA4007F0573 /* Assets.xcassets */,
				F78A2BA31CD82EA4007F0573 /* LaunchScreen.storyboard */,
				F78A2BA61CD82EA4007F0573 /* Info.plist */,
			);
			path = Tippy;
			sourceTree = "<group>";
		};
		F78A2BAE1CD82EA4007F0573 /* TippyTests */ = {
			isa = PBXGroup;
			children = (
				F78A2BAF1CD82EA4007F0573 /* TippyTests.swift */,
				F78A2BB11CD82EA4007F0573 /* Info.plist */,
			);
			path = TippyTests;
			sourceTree = "<group>";
		};
		F78A2BB91CD82EA4007F0573 /* TippyUITests */ = {
			isa = PBXGroup;
			children = (
				F78A2BBA1CD82EA4007F0573 /* TippyUITests.swift */,
				F78A2BBC1CD82EA4007F0573 /* Info.plist */,
			);
			path = TippyUITests;
			sourceTree = "<group>";
		};
/* End PBXGroup section */

/* Begin PBXNativeTarget section */
		F78A2B961CD82EA4007F0573 /* Tippy */ = {
			isa = PBXNativeTarget;
			buildConfigurationList = F78A2BBF1CD82EA4007F0573 /* Build configuration list for PBXNativeTarget "Tippy" */;
			buildPhases = (
				F78A2B931CD82EA4007F0573 /* Sources */,
				F78A2B941CD82EA4007F0573 /* Frameworks */,
				F78A2B951CD82EA4007F0573 /* Resources */,
			);
			buildRules = (
			);
			dependencies = (
			);
			name = Tippy;
			productName = Tippy;
			productReference = F78A2B971CD82EA4007F0573 /* Tippy.app */;
			productType = "com.apple.product-type.application";
		};
		F78A2BAA1CD82EA4007F0573 /* TippyTests */ = {
			isa = PBXNativeTarget;
			buildConfigurationList = F78A2BC21CD82EA4007F0573 /* Build configuration list for PBXNativeTarget "TippyTests" */;
			buildPhases = (
				F78A2BA71CD82EA4007F0573 /* Sources */,
				F78A2BA81CD82EA4007F0573 /* Frameworks */,
				F78A2BA91CD82EA4007F0573 /* Resources */,
			);
			buildRules = (
			);
			dependencies = (
				F78A2BAD1CD82EA4007F0573 /* PBXTargetDependency */,
			);
			name = TippyTests;
			productName = TippyTests;
			productReference = F78A2BAB1CD82EA4007F0573 /* TippyTests.xctest */;
			productType = "com.apple.product-type.bundle.unit-test";
		};
		F78A2BB51CD82EA4007F0573 /* TippyUITests */ = {
			isa = PBXNativeTarget;
			buildConfigurationList = F78A2BC51CD82EA4007F0573 /* Build configuration list for PBXNativeTarget "TippyUITests" */;
			buildPhases = (
				F78A2BB21CD82EA4007F0573 /* Sources */,
				F78A2BB31CD82EA4007F0573 /* Frameworks */,
				F78A2BB41CD82EA4007F0573 /* Resources */,
			);
			buildRules = (
			);
			dependencies = (
				F78A2BB81CD82EA4007F0573 /* PBXTargetDependency */,
			);
			name = TippyUITests;
			productName = TippyUITests;
			productReference = F78A2BB61CD82EA4007F0573 /* TippyUITests.xctest */;
			productType = "com.apple.product-type.bundle.ui-testing";
		};
/* End PBXNativeTarget section */

/* Begin PBXProject section */
		F78A2B8F1CD82EA4007F0573 /* Project object */ = {
			isa = PBXProject;
			attributes = {
				LastSwiftUpdateCheck = 0730;
				LastUpgradeCheck = 0730;
				ORGANIZATIONNAME = "Moeed Mohammad";
				TargetAttributes = {
					F78A2B961CD82EA4007F0573 = {
						CreatedOnToolsVersion = 7.3;
					};
					F78A2BAA1CD82EA4007F0573 = {
						CreatedOnToolsVersion = 7.3;
						TestTargetID = F78A2B961CD82EA4007F0573;
					};
					F78A2BB51CD82EA4007F0573 = {
						CreatedOnToolsVersion = 7.3;
						TestTargetID = F78A2B961CD82EA4007F0573;
					};
				};
			};
			buildConfigurationList = F78A2B921CD82EA4007F0573 /* Build configuration list for PBXProject "Tippy" */;
			compatibilityVersion = "Xcode 3.2";
			developmentRegion = English;
			hasScannedForEncodings = 0;
			knownRegions = (
				en,
				Base,
			);
			mainGroup = F78A2B8E1CD82EA4007F0573;
			productRefGroup = F78A2B981CD82EA4007F0573 /* Products */;
			projectDirPath = "";
			projectRoot = "";
			targets = (
				F78A2B961CD82EA4007F0573 /* Tippy */,
				F78A2BAA1CD82EA4007F0573 /* TippyTests */,
				F78A2BB51CD82EA4007F0573 /* TippyUITests */,
			);
		};
/* End PBXProject section */

/* Begin PBXResourcesBuildPhase section */
		F78A2B951CD82EA4007F0573 /* Resources */ = {
			isa = PBXResourcesBuildPhase;
			buildActionMask = 2147483647;
			files = (
				F78A2BA51CD82EA4007F0573 /* LaunchScreen.storyboard in Resources */,
				F78A2BA21CD82EA4007F0573 /* Assets.xcassets in Resources */,
				F78A2BA01CD82EA4007F0573 /* Main.storyboard in Resources */,
			);
			runOnlyForDeploymentPostprocessing = 0;
		};
		F78A2BA91CD82EA4007F0573 /* Resources */ = {
			isa = PBXResourcesBuildPhase;
			buildActionMask = 2147483647;
			files = (
			);
			runOnlyForDeploymentPostprocessing = 0;
		};
		F78A2BB41CD82EA4007F0573 /* Resources */ = {
			isa = PBXResourcesBuildPhase;
			buildActionMask = 2147483647;
			files = (
			);
			runOnlyForDeploymentPostprocessing = 0;
		};
/* End PBXResourcesBuildPhase section */

/* Begin PBXSourcesBuildPhase section */
		F78A2B931CD82EA4007F0573 /* Sources */ = {
			isa = PBXSourcesBuildPhase;
			buildActionMask = 2147483647;
			files = (
				F78A2B9D1CD82EA4007F0573 /* ViewController.swift in Sources */,
				F78A2B9B1CD82EA4007F0573 /* AppDelegate.swift in Sources */,
			);
			runOnlyForDeploymentPostprocessing = 0;
		};
		F78A2BA71CD82EA4007F0573 /* Sources */ = {
			isa = PBXSourcesBuildPhase;
			buildActionMask = 2147483647;
			files = (
				F78A2BB01CD82EA4007F0573 /* TippyTests.swift in Sources */,
			);
			runOnlyForDeploymentPostprocessing = 0;
		};
		F78A2BB21CD82EA4007F0573 /* Sources */ = {
			isa = PBXSourcesBuildPhase;
			buildActionMask = 2147483647;
			files = (
				F78A2BBB1CD82EA4007F0573 /* TippyUITests.swift in Sources */,
			);
			runOnlyForDeploymentPostprocessing = 0;
		};
/* End PBXSourcesBuildPhase section */

/* Begin PBXTargetDependency section */
		F78A2BAD1CD82EA4007F0573 /* PBXTargetDependency */ = {
			isa = PBXTargetDependency;
			target = F78A2B961CD82EA4007F0573 /* Tippy */;
			targetProxy = F78A2BAC1CD82EA4007F0573 /* PBXContainerItemProxy */;
		};
		F78A2BB81CD82EA4007F0573 /* PBXTargetDependency */ = {
			isa = PBXTargetDependency;
			target = F78A2B961CD82EA4007F0573 /* Tippy */;
			targetProxy = F78A2BB71CD82EA4007F0573 /* PBXContainerItemProxy */;
		};
/* End PBXTargetDependency section */

/* Begin PBXVariantGroup section */
		F78A2B9E1CD82EA4007F0573 /* Main.storyboard */ = {
			isa = PBXVariantGroup;
			children = (
				F78A2B9F1CD82EA4007F0573 /* Base */,
			);
			name = Main.storyboard;
			sourceTree = "<group>";
		};
		F78A2BA31CD82EA4007F0573 /* LaunchScreen.storyboard */ = {
			isa = PBXVariantGroup;
			children = (
				F78A2BA41CD82EA4007F0573 /* Base */,
			);
			name = LaunchScreen.storyboard;
			sourceTree = "<group>";
		};
/* End PBXVariantGroup section */

/* Begin XCBuildConfiguration section */
		F78A2BBD1CD82EA4007F0573 /* Debug */ = {
			isa = XCBuildConfiguration;
			buildSettings = {
				ALWAYS_SEARCH_USER_PATHS = NO;
				CLANG_ANALYZER_NONNULL = YES;
				CLANG_CXX_LANGUAGE_STANDARD = "gnu++0x";
				CLANG_CXX_LIBRARY = "libc++";
				CLANG_ENABLE_MODULES = YES;
				CLANG_ENABLE_OBJC_ARC = YES;
				CLANG_WARN_BOOL_CONVERSION = YES;
				CLANG_WARN_CONSTANT_CONVERSION = YES;
				CLANG_WARN_DIRECT_OBJC_ISA_USAGE = YES_ERROR;
				CLANG_WARN_EMPTY_BODY = YES;
				CLANG_WARN_ENUM_CONVERSION = YES;
				CLANG_WARN_INT_CONVERSION = YES;
				CLANG_WARN_OBJC_ROOT_CLASS = YES_ERROR;
				CLANG_WARN_UNREACHABLE_CODE = YES;
				CLANG_WARN__DUPLICATE_METHOD_MATCH = YES;
				"CODE_SIGN_IDENTITY[sdk=iphoneos*]" = "iPhone Developer";
				COPY_PHASE_STRIP = NO;
				DEBUG_INFORMATION_FORMAT = dwarf;
				ENABLE_STRICT_OBJC_MSGSEND = YES;
				ENABLE_TESTABILITY = YES;
				GCC_C_LANGUAGE_STANDARD = gnu99;
				GCC_DYNAMIC_NO_PIC = NO;
				GCC_NO_COMMON_BLOCKS = YES;
				GCC_OPTIMIZATION_LEVEL = 0;
				GCC_PREPROCESSOR_DEFINITIONS = (
					"DEBUG=1",
					"$(inherited)",
				);
				GCC_WARN_64_TO_32_BIT_CONVERSION = YES;
				GCC_WARN_ABOUT_RETURN_TYPE = YES_ERROR;
				GCC_WARN_UNDECLARED_SELECTOR = YES;
				GCC_WARN_UNINITIALIZED_AUTOS = YES_AGGRESSIVE;
				GCC_WARN_UNUSED_FUNCTION = YES;
				GCC_WARN_UNUSED_VARIABLE = YES;
				IPHONEOS_DEPLOYMENT_TARGET = 9.3;
				MTL_ENABLE_DEBUG_INFO = YES;
				ONLY_ACTIVE_ARCH = YES;
				SDKROOT = iphoneos;
				SWIFT_OPTIMIZATION_LEVEL = "-Onone";
			};
			name = Debug;
		};
		F78A2BBE1CD82EA4007F0573 /* Release */ = {
			isa = XCBuildConfiguration;
			buildSettings = {
				ALWAYS_SEARCH_USER_PATHS = NO;
				CLANG_ANALYZER_NONNULL = YES;
				CLANG_CXX_LANGUAGE_STANDARD = "gnu++0x";
				CLANG_CXX_LIBRARY = "libc++";
				CLANG_ENABLE_MODULES = YES;
				CLANG_ENABLE_OBJC_ARC = YES;
				CLANG_WARN_BOOL_CONVERSION = YES;
				CLANG_WARN_CONSTANT_CONVERSION = YES;
				CLANG_WARN_DIRECT_OBJC_ISA_USAGE = YES_ERROR;
				CLANG_WARN_EMPTY_BODY = YES;
				CLANG_WARN_ENUM_CONVERSION = YES;
				CLANG_WARN_INT_CONVERSION = YES;
				CLANG_WARN_OBJC_ROOT_CLASS = YES_ERROR;
				CLANG_WARN_UNREACHABLE_CODE = YES;
				CLANG_WARN__DUPLICATE_METHOD_MATCH = YES;
				"CODE_SIGN_IDENTITY[sdk=iphoneos*]" = "iPhone Developer";
				COPY_PHASE_STRIP = NO;
				DEBUG_INFORMATION_FORMAT = "dwarf-with-dsym";
				ENABLE_NS_ASSERTIONS = NO;
				ENABLE_STRICT_OBJC_MSGSEND = YES;
				GCC_C_LANGUAGE_STANDARD = gnu99;
				GCC_NO_COMMON_BLOCKS = YES;
				GCC_WARN_64_TO_32_BIT_CONVERSION = YES;
				GCC_WARN_ABOUT_RETURN_TYPE = YES_ERROR;
				GCC_WARN_UNDECLARED_SELECTOR = YES;
				GCC_WARN_UNINITIALIZED_AUTOS = YES_AGGRESSIVE;
				GCC_WARN_UNUSED_FUNCTION = YES;
				GCC_WARN_UNUSED_VARIABLE = YES;
				IPHONEOS_DEPLOYMENT_TARGET = 9.3;
				MTL_ENABLE_DEBUG_INFO = NO;
				SDKROOT = iphoneos;
				VALIDATE_PRODUCT = YES;
			};
			name = Release;
		};
		F78A2BC01CD82EA4007F0573 /* Debug */ = {
			isa = XCBuildConfiguration;
			buildSettings = {
				ASSETCATALOG_COMPILER_APPICON_NAME = AppIcon;
				INFOPLIST_FILE = Tippy/Info.plist;
				LD_RUNPATH_SEARCH_PATHS = "$(inherited) @executable_path/Frameworks";
				PRODUCT_BUNDLE_IDENTIFIER = come.moeedm.Tippy;
				PRODUCT_NAME = "$(TARGET_NAME)";
			};
			name = Debug;
		};
		F78A2BC11CD82EA4007F0573 /* Release */ = {
			isa = XCBuildConfiguration;
			buildSettings = {
				ASSETCATALOG_COMPILER_APPICON_NAME = AppIcon;
				INFOPLIST_FILE = Tippy/Info.plist;
				LD_RUNPATH_SEARCH_PATHS = "$(inherited) @executable_path/Frameworks";
				PRODUCT_BUNDLE_IDENTIFIER = come.moeedm.Tippy;
				PRODUCT_NAME = "$(TARGET_NAME)";
			};
			name = Release;
		};
		F78A2BC31CD82EA4007F0573 /* Debug */ = {
			isa = XCBuildConfiguration;
			buildSettings = {
				BUNDLE_LOADER = "$(TEST_HOST)";
				INFOPLIST_FILE = TippyTests/Info.plist;
				LD_RUNPATH_SEARCH_PATHS = "$(inherited) @executable_path/Frameworks @loader_path/Frameworks";
				PRODUCT_BUNDLE_IDENTIFIER = come.moeedm.TippyTests;
				PRODUCT_NAME = "$(TARGET_NAME)";
				TEST_HOST = "$(BUILT_PRODUCTS_DIR)/Tippy.app/Tippy";
			};
			name = Debug;
		};
		F78A2BC41CD82EA4007F0573 /* Release */ = {
			isa = XCBuildConfiguration;
			buildSettings = {
				BUNDLE_LOADER = "$(TEST_HOST)";
				INFOPLIST_FILE = TippyTests/Info.plist;
				LD_RUNPATH_SEARCH_PATHS = "$(inherited) @executable_path/Frameworks @loader_path/Frameworks";
				PRODUCT_BUNDLE_IDENTIFIER = come.moeedm.TippyTests;
				PRODUCT_NAME = "$(TARGET_NAME)";
				TEST_HOST = "$(BUILT_PRODUCTS_DIR)/Tippy.app/Tippy";
			};
			name = Release;
		};
		F78A2BC61CD82EA4007F0573 /* Debug */ = {
			isa = XCBuildConfiguration;
			buildSettings = {
				INFOPLIST_FILE = TippyUITests/Info.plist;
				LD_RUNPATH_SEARCH_PATHS = "$(inherited) @executable_path/Frameworks @loader_path/Frameworks";
				PRODUCT_BUNDLE_IDENTIFIER = come.moeedm.TippyUITests;
				PRODUCT_NAME = "$(TARGET_NAME)";
				TEST_TARGET_NAME = Tippy;
			};
			name = Debug;
		};
		F78A2BC71CD82EA4007F0573 /* Release */ = {
			isa = XCBuildConfiguration;
			buildSettings = {
				INFOPLIST_FILE = TippyUITests/Info.plist;
				LD_RUNPATH_SEARCH_PATHS = "$(inherited) @executable_path/Frameworks @loader_path/Frameworks";
				PRODUCT_BUNDLE_IDENTIFIER = come.moeedm.TippyUITests;
				PRODUCT_NAME = "$(TARGET_NAME)";
				TEST_TARGET_NAME = Tippy;
			};
			name = Release;
		};
/* End XCBuildConfiguration section */

/* Begin XCConfigurationList section */
		F78A2B921CD82EA4007F0573 /* Build configuration list for PBXProject "Tippy" */ = {
			isa = XCConfigurationList;
			buildConfigurations = (
				F78A2BBD1CD82EA4007F0573 /* Debug */,
				F78A2BBE1CD82EA4007F0573 /* Release */,
			);
			defaultConfigurationIsVisible = 0;
			defaultConfigurationName = Release;
		};
		F78A2BBF1CD82EA4007F0573 /* Build configuration list for PBXNativeTarget "Tippy" */ = {
			isa = XCConfigurationList;
			buildConfigurations = (
				F78A2BC01CD82EA4007F0573 /* Debug */,
				F78A2BC11CD82EA4007F0573 /* Release */,
			);
			defaultConfigurationIsVisible = 0;
		};
		F78A2BC21CD82EA4007F0573 /* Build configuration list for PBXNativeTarget "TippyTests" */ = {
			isa = XCConfigurationList;
			buildConfigurations = (
				F78A2BC31CD82EA4007F0573 /* Debug */,
				F78A2BC41CD82EA4007F0573 /* Release */,
			);
			defaultConfigurationIsVisible = 0;
		};
		F78A2BC51CD82EA4007F0573 /* Build configuration list for PBXNativeTarget "TippyUITests" */ = {
			isa = XCConfigurationList;
			buildConfigurations = (
				F78A2BC61CD82EA4007F0573 /* Debug */,
				F78A2BC71CD82EA4007F0573 /* Release */,
			);
			defaultConfigurationIsVisible = 0;
		};
/* End XCConfigurationList section */
	};
	rootObject = F78A2B8F1CD82EA4007F0573 /* Project object */;
}
